
Microsoft Visual Studio Solution File, Format Version 12.00
# Visual Studio Version 16
VisualStudioVersion = 16.0.31624.102
MinimumVisualStudioVersion = 10.0.40219.1
Project("{8BC9CEB8-8B4A-11D0-8D11-00A0C91BC942}") = "Project1GraphicsEvanSinasac", "Project1GraphicsEvanSinasac\Project1GraphicsEvanSinasac.vcxproj", "{EEBA1CD6-59E5-478B-8F40-E5B6E373FD7A}"
EndProject
Global
	GlobalSection(SolutionConfigurationPlatforms) = preSolution
		Debug|x64 = Debug|x64
		Debug|x86 = Debug|x86
		Release|x64 = Release|x64
		Release|x86 = Release|x86
	EndGlobalSection
	GlobalSection(ProjectConfigurationPlatforms) = postSolution
		{EEBA1CD6-59E5-478B-8F40-E5B6E373FD7A}.Debug|x64.ActiveCfg = Debug|x64
		{EEBA1CD6-59E5-478B-8F40-E5B6E373FD7A}.Debug|x64.Build.0 = Debug|x64
		{EEBA1CD6-59E5-478B-8F40-E5B6E373FD7A}.Debug|x86.ActiveCfg = Debug|Win32
		{EEBA1CD6-59E5-478B-8F40-E5B6E373FD7A}.Debug|x86.Build.0 = Debug|Win32
		{EEBA1CD6-59E5-478B-8F40-E5B6E373FD7A}.Release|x64.ActiveCfg = Release|x64
		{EEBA1CD6-59E5-478B-8F40-E5B6E373FD7A}.Release|x64.Build.0 = Release|x64
		{EEBA1CD6-59E5-478B-8F40-E5B6E373FD7A}.Release|x86.ActiveCfg = Release|Win32
		{EEBA1CD6-59E5-478B-8F40-E5B6E373FD7A}.Release|x86.Build.0 = Release|Win32
	EndGlobalSection
	GlobalSection(SolutionProperties) = preSolution
		HideSolutionNode = FALSE
	EndGlobalSection
	GlobalSection(ExtensibilityGlobals) = postSolution
		SolutionGuid = {9FA46470-F796-4DA3-ACBE-7CA0525FC8E6}
	EndGlobalSection
EndGlobal
